{
  "name": "plyr-demo",
  "version": "1.0.0",
  "lockfileVersion": 2,
  "requires": true,
  "packages": {
    "": {
      "name": "plyr-demo",
      "version": "1.0.0",
      "dependencies": {
        "@sentry/browser": "^5.22.3",
        "core-js": "^3.6.5",
        "custom-event-polyfill": "^1.0.7",
        "shr-buttons": "2.0.3",
        "url-polyfill": "^1.1.10"
      }
    },
    "node_modules/@sentry/browser": {
      "version": "5.22.3",
      "resolved": "https://registry.npmjs.org/@sentry/browser/-/browser-5.22.3.tgz",
      "integrity": "sha512-2TzE/CoBa5ZkvxJizDdi1Iz1ldmXSJpFQ1mL07PIXBjCt0Wxf+WOuFSj5IP4L40XHfJE5gU8wEvSH0VDR8nXtA==",
      "dependencies": {
        "@sentry/core": "5.22.3",
        "@sentry/types": "5.22.3",
        "@sentry/utils": "5.22.3",
        "tslib": "^1.9.3"
      },
      "engines": {
        "node": ">=6"
      }
    },
    "node_modules/@sentry/core": {
      "version": "5.22.3",
      "resolved": "https://registry.npmjs.org/@sentry/core/-/core-5.22.3.tgz",
      "integrity": "sha512-eGL5uUarw3o4i9QUb9JoFHnhriPpWCaqeaIBB06HUpdcvhrjoowcKZj1+WPec5lFg5XusE35vez7z/FPzmJUDw==",
      "dependencies": {
        "@sentry/hub": "5.22.3",
        "@sentry/minimal": "5.22.3",
        "@sentry/types": "5.22.3",
        "@sentry/utils": "5.22.3",
        "tslib": "^1.9.3"
      },
      "engines": {
        "node": ">=6"
      }
    },
    "node_modules/@sentry/hub": {
      "version": "5.22.3",
      "resolved": "https://registry.npmjs.org/@sentry/hub/-/hub-5.22.3.tgz",
      "integrity": "sha512-INo47m6N5HFEs/7GMP9cqxOIt7rmRxdERunA3H2L37owjcr77MwHVeeJ9yawRS6FMtbWXplgWTyTIWIYOuqVbw==",
      "dependencies": {
        "@sentry/types": "5.22.3",
        "@sentry/utils": "5.22.3",
        "tslib": "^1.9.3"
      },
      "engines": {
        "node": ">=6"
      }
    },
    "node_modules/@sentry/minimal": {
      "version": "5.22.3",
      "resolved": "https://registry.npmjs.org/@sentry/minimal/-/minimal-5.22.3.tgz",
      "integrity": "sha512-HoINpYnVYCpNjn2XIPIlqH5o4BAITpTljXjtAftOx6Hzj+Opjg8tR8PWliyKDvkXPpc4kXK9D6TpEDw8MO0wZA==",
      "dependencies": {
        "@sentry/hub": "5.22.3",
        "@sentry/types": "5.22.3",
        "tslib": "^1.9.3"
      },
      "engines": {
        "node": ">=6"
      }
    },
    "node_modules/@sentry/types": {
      "version": "5.22.3",
      "resolved": "https://registry.npmjs.org/@sentry/types/-/types-5.22.3.tgz",
      "integrity": "sha512-cv+VWK0YFgCVDvD1/HrrBWOWYG3MLuCUJRBTkV/Opdy7nkdNjhCAJQrEyMM9zX0sac8FKWKOHT0sykNh8KgmYw==",
      "engines": {
        "node": ">=6"
      }
    },
    "node_modules/@sentry/utils": {
      "version": "5.22.3",
      "resolved": "https://registry.npmjs.org/@sentry/utils/-/utils-5.22.3.tgz",
      "integrity": "sha512-AHNryXMBvIkIE+GQxTlmhBXD0Ksh+5w1SwM5qi6AttH+1qjWLvV6WB4+4pvVvEoS8t5F+WaVUZPQLmCCWp6zKw==",
      "dependencies": {
        "@sentry/types": "5.22.3",
        "tslib": "^1.9.3"
      },
      "engines": {
        "node": ">=6"
      }
    },
    "node_modules/core-js": {
      "version": "3.6.5",
      "resolved": "https://registry.npmjs.org/core-js/-/core-js-3.6.5.tgz",
      "integrity": "sha512-vZVEEwZoIsI+vPEuoF9Iqf5H7/M3eeQqWlQnYa8FSKKePuYTf5MWnxb5SDAzCa60b3JBRS5g9b+Dq7b1y/RCrA==",
      "deprecated": "core-js@<3.23.3 is no longer maintained and not recommended for usage due to the number of issues. Because of the V8 engine whims, feature detection in old core-js versions could cause a slowdown up to 100x even if nothing is polyfilled. Some versions have web compatibility issues. Please, upgrade your dependencies to the actual version of core-js.",
      "hasInstallScript": true,
      "funding": {
        "type": "opencollective",
        "url": "https://opencollective.com/core-js"
      }
    },
    "node_modules/custom-event-polyfill": {
      "version": "1.0.7",
      "resolved": "https://registry.npmjs.org/custom-event-polyfill/-/custom-event-polyfill-1.0.7.tgz",
      "integrity": "sha512-TDDkd5DkaZxZFM8p+1I3yAlvM3rSr1wbrOliG4yJiwinMZN8z/iGL7BTlDkrJcYTmgUSb4ywVCc3ZaUtOtC76w=="
    },
    "node_modules/shr-buttons": {
      "version": "2.0.3",
      "resolved": "https://registry.npmjs.org/shr-buttons/-/shr-buttons-2.0.3.tgz",
      "integrity": "sha512-sPAgHiw4uaIt9TnxTfyZEedDChcldSVtnBHE44cpe/mSC7rqm4IEKZRLYqnVlTcGM+FSDNBPUNpSf50Q2ntd+w=="
    },
    "node_modules/tslib": {
      "version": "1.11.1",
      "resolved": "https://registry.npmjs.org/tslib/-/tslib-1.11.1.tgz",
      "integrity": "sha512-aZW88SY8kQbU7gpV19lN24LtXh/yD4ZZg6qieAJDDg+YBsJcSmLGK9QpnUjAKVG/xefmvJGd1WUmfpT/g6AJGA=="
    },
    "node_modules/url-polyfill": {
      "version": "1.1.10",
      "resolved": "https://registry.npmjs.org/url-polyfill/-/url-polyfill-1.1.10.tgz",
      "integrity": "sha512-vSaPpaRgBrf41+Uky1myiSh6gpcbw8FpwHYnEy0abxndojOBnIs+yh/49gKYFLtUMP9qoNWjn6j9aUVy23Ie2A=="
    }
  },
  "dependencies": {
    "@sentry/browser": {
      "version": "5.22.3",
      "resolved": "https://registry.npmjs.org/@sentry/browser/-/browser-5.22.3.tgz",
      "integrity": "sha512-2TzE/CoBa5ZkvxJizDdi1Iz1ldmXSJpFQ1mL07PIXBjCt0Wxf+WOuFSj5IP4L40XHfJE5gU8wEvSH0VDR8nXtA==",
      "requires": {
        "@sentry/core": "5.22.3",
        "@sentry/types": "5.22.3",
        "@sentry/utils": "5.22.3",
        "tslib": "^1.9.3"
      }
    },
    "@sentry/core": {
      "version": "5.22.3",
      "resolved": "https://registry.npmjs.org/@sentry/core/-/core-5.22.3.tgz",
      "integrity": "sha512-eGL5uUarw3o4i9QUb9JoFHnhriPpWCaqeaIBB06HUpdcvhrjoowcKZj1+WPec5lFg5XusE35vez7z/FPzmJUDw==",
      "requires": {
        "@sentry/hub": "5.22.3",
        "@sentry/minimal": "5.22.3",
        "@sentry/types": "5.22.3",
        "@sentry/utils": "5.22.3",
        "tslib": "^1.9.3"
      }
    },
    "@sentry/hub": {
      "version": "5.22.3",
      "resolved": "https://registry.npmjs.org/@sentry/hub/-/hub-5.22.3.tgz",
      "integrity": "sha512-INo47m6N5HFEs/7GMP9cqxOIt7rmRxdERunA3H2L37owjcr77MwHVeeJ9yawRS6FMtbWXplgWTyTIWIYOuqVbw==",
      "requires": {
        "@sentry/types": "5.22.3",
        "@sentry/utils": "5.22.3",
        "tslib": "^1.9.3"
      }
    },
    "@sentry/minimal": {
      "version": "5.22.3",
      "resolved": "https://registry.npmjs.org/@sentry/minimal/-/minimal-5.22.3.tgz",
      "integrity": "sha512-HoINpYnVYCpNjn2XIPIlqH5o4BAITpTljXjtAftOx6Hzj+Opjg8tR8PWliyKDvkXPpc4kXK9D6TpEDw8MO0wZA==",
      "requires": {
        "@sentry/hub": "5.22.3",
        "@sentry/types": "5.22.3",
        "tslib": "^1.9.3"
      }
    },
    "@sentry/types": {
      "version": "5.22.3",
      "resolved": "https://registry.npmjs.org/@sentry/types/-/types-5.22.3.tgz",
      "integrity": "sha512-cv+VWK0YFgCVDvD1/HrrBWOWYG3MLuCUJRBTkV/Opdy7nkdNjhCAJQrEyMM9zX0sac8FKWKOHT0sykNh8KgmYw=="
    },
    "@sentry/utils": {
      "version": "5.22.3",
      "resolved": "https://registry.npmjs.org/@sentry/utils/-/utils-5.22.3.tgz",
      "integrity": "sha512-AHNryXMBvIkIE+GQxTlmhBXD0Ksh+5w1SwM5qi6AttH+1qjWLvV6WB4+4pvVvEoS8t5F+WaVUZPQLmCCWp6zKw==",
      "requires": {
        "@sentry/types": "5.22.3",
        "tslib": "^1.9.3"
      }
    },
    "core-js": {
      "version": "3.6.5",
      "resolved": "https://registry.npmjs.org/core-js/-/core-js-3.6.5.tgz",
      "integrity": "sha512-vZVEEwZoIsI+vPEuoF9Iqf5H7/M3eeQqWlQnYa8FSKKePuYTf5MWnxb5SDAzCa60b3JBRS5g9b+Dq7b1y/RCrA=="
    },
    "custom-event-polyfill": {
      "version": "1.0.7",
      "resolved": "https://registry.npmjs.org/custom-event-polyfill/-/custom-event-polyfill-1.0.7.tgz",
      "integrity": "sha512-TDDkd5DkaZxZFM8p+1I3yAlvM3rSr1wbrOliG4yJiwinMZN8z/iGL7BTlDkrJcYTmgUSb4ywVCc3ZaUtOtC76w=="
    },
    "shr-buttons": {
      "version": "2.0.3",
      "resolved": "https://registry.npmjs.org/shr-buttons/-/shr-buttons-2.0.3.tgz",
      "integrity": "sha512-sPAgHiw4uaIt9TnxTfyZEedDChcldSVtnBHE44cpe/mSC7rqm4IEKZRLYqnVlTcGM+FSDNBPUNpSf50Q2ntd+w=="
    },
    "tslib": {
      "version": "1.11.1",
      "resolved": "https://registry.npmjs.org/tslib/-/tslib-1.11.1.tgz",
      "integrity": "sha512-aZW88SY8kQbU7gpV19lN24LtXh/yD4ZZg6qieAJDDg+YBsJcSmLGK9QpnUjAKVG/xefmvJGd1WUmfpT/g6AJGA=="
    },
    "url-polyfill": {
      "version": "1.1.10",
      "resolved": "https://registry.npmjs.org/url-polyfill/-/url-polyfill-1.1.10.tgz",
      "integrity": "sha512-vSaPpaRgBrf41+Uky1myiSh6gpcbw8FpwHYnEy0abxndojOBnIs+yh/49gKYFLtUMP9qoNWjn6j9aUVy23Ie2A=="
    }
  }
}
