# THIS IS AN AUTOGENERATED FILE. DO NOT EDIT THIS FILE DIRECTLY.
# yarn lockfile v1


"@sentry/browser@^5.22.3":
  "integrity" "sha512-2TzE/CoBa5ZkvxJizDdi1Iz1ldmXSJpFQ1mL07PIXBjCt0Wxf+WOuFSj5IP4L40XHfJE5gU8wEvSH0VDR8nXtA=="
  "resolved" "https://registry.npmjs.org/@sentry/browser/-/browser-5.22.3.tgz"
  "version" "5.22.3"
  dependencies:
    "@sentry/core" "5.22.3"
    "@sentry/types" "5.22.3"
    "@sentry/utils" "5.22.3"
    "tslib" "^1.9.3"

"@sentry/core@5.22.3":
  "integrity" "sha512-eGL5uUarw3o4i9QUb9JoFHnhriPpWCaqeaIBB06HUpdcvhrjoowcKZj1+WPec5lFg5XusE35vez7z/FPzmJUDw=="
  "resolved" "https://registry.npmjs.org/@sentry/core/-/core-5.22.3.tgz"
  "version" "5.22.3"
  dependencies:
    "@sentry/hub" "5.22.3"
    "@sentry/minimal" "5.22.3"
    "@sentry/types" "5.22.3"
    "@sentry/utils" "5.22.3"
    "tslib" "^1.9.3"

"@sentry/hub@5.22.3":
  "integrity" "sha512-INo47m6N5HFEs/7GMP9cqxOIt7rmRxdERunA3H2L37owjcr77MwHVeeJ9yawRS6FMtbWXplgWTyTIWIYOuqVbw=="
  "resolved" "https://registry.npmjs.org/@sentry/hub/-/hub-5.22.3.tgz"
  "version" "5.22.3"
  dependencies:
    "@sentry/types" "5.22.3"
    "@sentry/utils" "5.22.3"
    "tslib" "^1.9.3"

"@sentry/minimal@5.22.3":
  "integrity" "sha512-HoINpYnVYCpNjn2XIPIlqH5o4BAITpTljXjtAftOx6Hzj+Opjg8tR8PWliyKDvkXPpc4kXK9D6TpEDw8MO0wZA=="
  "resolved" "https://registry.npmjs.org/@sentry/minimal/-/minimal-5.22.3.tgz"
  "version" "5.22.3"
  dependencies:
    "@sentry/hub" "5.22.3"
    "@sentry/types" "5.22.3"
    "tslib" "^1.9.3"

"@sentry/types@5.22.3":
  "integrity" "sha512-cv+VWK0YFgCVDvD1/HrrBWOWYG3MLuCUJRBTkV/Opdy7nkdNjhCAJQrEyMM9zX0sac8FKWKOHT0sykNh8KgmYw=="
  "resolved" "https://registry.npmjs.org/@sentry/types/-/types-5.22.3.tgz"
  "version" "5.22.3"

"@sentry/utils@5.22.3":
  "integrity" "sha512-AHNryXMBvIkIE+GQxTlmhBXD0Ksh+5w1SwM5qi6AttH+1qjWLvV6WB4+4pvVvEoS8t5F+WaVUZPQLmCCWp6zKw=="
  "resolved" "https://registry.npmjs.org/@sentry/utils/-/utils-5.22.3.tgz"
  "version" "5.22.3"
  dependencies:
    "@sentry/types" "5.22.3"
    "tslib" "^1.9.3"

"core-js@^3.6.5":
  "integrity" "sha512-vZVEEwZoIsI+vPEuoF9Iqf5H7/M3eeQqWlQnYa8FSKKePuYTf5MWnxb5SDAzCa60b3JBRS5g9b+Dq7b1y/RCrA=="
  "resolved" "https://registry.npmjs.org/core-js/-/core-js-3.6.5.tgz"
  "version" "3.6.5"

"custom-event-polyfill@^1.0.7":
  "integrity" "sha512-TDDkd5DkaZxZFM8p+1I3yAlvM3rSr1wbrOliG4yJiwinMZN8z/iGL7BTlDkrJcYTmgUSb4ywVCc3ZaUtOtC76w=="
  "resolved" "https://registry.npmjs.org/custom-event-polyfill/-/custom-event-polyfill-1.0.7.tgz"
  "version" "1.0.7"

"shr-buttons@2.0.3":
  "integrity" "sha512-sPAgHiw4uaIt9TnxTfyZEedDChcldSVtnBHE44cpe/mSC7rqm4IEKZRLYqnVlTcGM+FSDNBPUNpSf50Q2ntd+w=="
  "resolved" "https://registry.npmjs.org/shr-buttons/-/shr-buttons-2.0.3.tgz"
  "version" "2.0.3"

"tslib@^1.9.3":
  "integrity" "sha512-aZW88SY8kQbU7gpV19lN24LtXh/yD4ZZg6qieAJDDg+YBsJcSmLGK9QpnUjAKVG/xefmvJGd1WUmfpT/g6AJGA=="
  "resolved" "https://registry.npmjs.org/tslib/-/tslib-1.11.1.tgz"
  "version" "1.11.1"

"url-polyfill@^1.1.10":
  "integrity" "sha512-vSaPpaRgBrf41+Uky1myiSh6gpcbw8FpwHYnEy0abxndojOBnIs+yh/49gKYFLtUMP9qoNWjn6j9aUVy23Ie2A=="
  "resolved" "https://registry.npmjs.org/url-polyfill/-/url-polyfill-1.1.10.tgz"
  "version" "1.1.10"
